// !$*UTF8*$!
{
	archiveVersion = 1;
	classes = {
	};
	objectVersion = 56;
	objects = {

/* Begin PBXBuildFile section */
		DA50CA002B5807B00094A001 /* Main.storyboard in Resources */ = {isa = PBXBuildFile; fileRef = DA50C9FF2B5807B00094A001 /* Main.storyboard */; };
		DA50CA022B5808910094A001 /* Date+Today.swift in Sources */ = {isa = PBXBuildFile; fileRef = DA50CA012B5808910094A001 /* Date+Today.swift */; };
		DA50CA052B580FCF0094A001 /* ReminderListViewController+DataSource.swift in Sources */ = {isa = PBXBuildFile; fileRef = DA50CA042B580FCF0094A001 /* ReminderListViewController+DataSource.swift */; };
		DA5AAB012B516C2A00122E87 /* AppDelegate.swift in Sources */ = {isa = PBXBuildFile; fileRef = DA5AAB002B516C2A00122E87 /* AppDelegate.swift */; };
		DA5AAB032B516C2A00122E87 /* SceneDelegate.swift in Sources */ = {isa = PBXBuildFile; fileRef = DA5AAB022B516C2A00122E87 /* SceneDelegate.swift */; };
		DA5AAB052B516C2A00122E87 /* ReminderListViewController.swift in Sources */ = {isa = PBXBuildFile; fileRef = DA5AAB042B516C2A00122E87 /* ReminderListViewController.swift */; };
		DA5AAB0A2B516C2D00122E87 /* Assets.xcassets in Resources */ = {isa = PBXBuildFile; fileRef = DA5AAB092B516C2D00122E87 /* Assets.xcassets */; };
		DA5AAB0D2B516C2D00122E87 /* LaunchScreen.storyboard in Resources */ = {isa = PBXBuildFile; fileRef = DA5AAB0B2B516C2D00122E87 /* LaunchScreen.storyboard */; };
		DA5AAB162B516CC600122E87 /* Reminder.swift in Sources */ = {isa = PBXBuildFile; fileRef = DA5AAB152B516CC600122E87 /* Reminder.swift */; };
		DA71FE042B77A19A00A7CE96 /* UIView+PinnedSubview.swift in Sources */ = {isa = PBXBuildFile; fileRef = DA71FE032B77A19A00A7CE96 /* UIView+PinnedSubview.swift */; };
		DA71FE062B77A42600A7CE96 /* TextFieldContentView.swift in Sources */ = {isa = PBXBuildFile; fileRef = DA71FE052B77A42600A7CE96 /* TextFieldContentView.swift */; };
		DA71FE082B77A5A300A7CE96 /* UIContentConfiguration+Stateless.swift in Sources */ = {isa = PBXBuildFile; fileRef = DA71FE072B77A5A300A7CE96 /* UIContentConfiguration+Stateless.swift */; };
		DA71FE0A2B77AE3900A7CE96 /* TextViewContentView.swift in Sources */ = {isa = PBXBuildFile; fileRef = DA71FE092B77AE3900A7CE96 /* TextViewContentView.swift */; };
		DA71FE0C2B77D8CA00A7CE96 /* DatePickerContentView.swift in Sources */ = {isa = PBXBuildFile; fileRef = DA71FE0B2B77D8CA00A7CE96 /* DatePickerContentView.swift */; };
		DA71FE0E2B78E09000A7CE96 /* ReminderListStyle.swift in Sources */ = {isa = PBXBuildFile; fileRef = DA71FE0D2B78E09000A7CE96 /* ReminderListStyle.swift */; };
		DA71FE102B78EA8700A7CE96 /* ProgressHeaderView.swift in Sources */ = {isa = PBXBuildFile; fileRef = DA71FE0F2B78EA8700A7CE96 /* ProgressHeaderView.swift */; };
		DA71FE122B791A7700A7CE96 /* TodayError.swift in Sources */ = {isa = PBXBuildFile; fileRef = DA71FE112B791A7700A7CE96 /* TodayError.swift */; };
		DA71FE142B791AEC00A7CE96 /* EKEventStore+AsyncFetch.swift in Sources */ = {isa = PBXBuildFile; fileRef = DA71FE132B791AEC00A7CE96 /* EKEventStore+AsyncFetch.swift */; };
		DA71FE162B791C6900A7CE96 /* Reminder+EKReminder.swift in Sources */ = {isa = PBXBuildFile; fileRef = DA71FE152B791C6900A7CE96 /* Reminder+EKReminder.swift */; };
		DA71FE182B791D7200A7CE96 /* ReminderStore.swift in Sources */ = {isa = PBXBuildFile; fileRef = DA71FE172B791D7200A7CE96 /* ReminderStore.swift */; };
		DA71FE1A2B7A1DEA00A7CE96 /* EKReminder+Reminder.swift in Sources */ = {isa = PBXBuildFile; fileRef = DA71FE192B7A1DE900A7CE96 /* EKReminder+Reminder.swift */; };
		DA81A4102B6D27F600BAD0D6 /* ReminderDoneButton.swift in Sources */ = {isa = PBXBuildFile; fileRef = DA81A40F2B6D27F600BAD0D6 /* ReminderDoneButton.swift */; };
		DA81A4122B6D298D00BAD0D6 /* ReminderListViewController+Actions.swift in Sources */ = {isa = PBXBuildFile; fileRef = DA81A4112B6D298D00BAD0D6 /* ReminderListViewController+Actions.swift */; };
		DA81A4142B6D36F000BAD0D6 /* ReminderViewController.swift in Sources */ = {isa = PBXBuildFile; fileRef = DA81A4132B6D36F000BAD0D6 /* ReminderViewController.swift */; };
		DA81A4172B6D397300BAD0D6 /* ReminderViewController+Row.swift in Sources */ = {isa = PBXBuildFile; fileRef = DA81A4162B6D397300BAD0D6 /* ReminderViewController+Row.swift */; };
		DAA9C6532B76662B0033268E /* ReminderViewController+Section.swift in Sources */ = {isa = PBXBuildFile; fileRef = DAA9C6522B76662B0033268E /* ReminderViewController+Section.swift */; };
		DAA9C6552B767F0A0033268E /* ReminderViewController+CellConfiguration.swift in Sources */ = {isa = PBXBuildFile; fileRef = DAA9C6542B767F0A0033268E /* ReminderViewController+CellConfiguration.swift */; };
/* End PBXBuildFile section */

/* Begin PBXFileReference section */
		DA50C9FF2B5807B00094A001 /* Main.storyboard */ = {isa = PBXFileReference; lastKnownFileType = file.storyboard; path = Main.storyboard; sourceTree = "<group>"; };
		DA50CA012B5808910094A001 /* Date+Today.swift */ = {isa = PBXFileReference; lastKnownFileType = sourcecode.swift; path = "Date+Today.swift"; sourceTree = "<group>"; };
		DA50CA042B580FCF0094A001 /* ReminderListViewController+DataSource.swift */ = {isa = PBXFileReference; lastKnownFileType = sourcecode.swift; path = "ReminderListViewController+DataSource.swift"; sourceTree = "<group>"; };
		DA5AAAFD2B516C2A00122E87 /* UIkitReminder.app */ = {isa = PBXFileReference; explicitFileType = wrapper.application; includeInIndex = 0; path = UIkitReminder.app; sourceTree = BUILT_PRODUCTS_DIR; };
		DA5AAB002B516C2A00122E87 /* AppDelegate.swift */ = {isa = PBXFileReference; lastKnownFileType = sourcecode.swift; path = AppDelegate.swift; sourceTree = "<group>"; };
		DA5AAB022B516C2A00122E87 /* SceneDelegate.swift */ = {isa = PBXFileReference; lastKnownFileType = sourcecode.swift; path = SceneDelegate.swift; sourceTree = "<group>"; };
		DA5AAB042B516C2A00122E87 /* ReminderListViewController.swift */ = {isa = PBXFileReference; lastKnownFileType = sourcecode.swift; path = ReminderListViewController.swift; sourceTree = "<group>"; };
		DA5AAB092B516C2D00122E87 /* Assets.xcassets */ = {isa = PBXFileReference; lastKnownFileType = folder.assetcatalog; path = Assets.xcassets; sourceTree = "<group>"; };
		DA5AAB0C2B516C2D00122E87 /* Base */ = {isa = PBXFileReference; lastKnownFileType = file.storyboard; name = Base; path = Base.lproj/LaunchScreen.storyboard; sourceTree = "<group>"; };
		DA5AAB0E2B516C2D00122E87 /* Info.plist */ = {isa = PBXFileReference; lastKnownFileType = text.plist.xml; path = Info.plist; sourceTree = "<group>"; };
		DA5AAB152B516CC600122E87 /* Reminder.swift */ = {isa = PBXFileReference; lastKnownFileType = sourcecode.swift; path = Reminder.swift; sourceTree = "<group>"; };
		DA71FE032B77A19A00A7CE96 /* UIView+PinnedSubview.swift */ = {isa = PBXFileReference; lastKnownFileType = sourcecode.swift; path = "UIView+PinnedSubview.swift"; sourceTree = "<group>"; };
		DA71FE052B77A42600A7CE96 /* TextFieldContentView.swift */ = {isa = PBXFileReference; lastKnownFileType = sourcecode.swift; path = TextFieldContentView.swift; sourceTree = "<group>"; };
		DA71FE072B77A5A300A7CE96 /* UIContentConfiguration+Stateless.swift */ = {isa = PBXFileReference; lastKnownFileType = sourcecode.swift; path = "UIContentConfiguration+Stateless.swift"; sourceTree = "<group>"; };
		DA71FE092B77AE3900A7CE96 /* TextViewContentView.swift */ = {isa = PBXFileReference; lastKnownFileType = sourcecode.swift; path = TextViewContentView.swift; sourceTree = "<group>"; };
		DA71FE0B2B77D8CA00A7CE96 /* DatePickerContentView.swift */ = {isa = PBXFileReference; lastKnownFileType = sourcecode.swift; path = DatePickerContentView.swift; sourceTree = "<group>"; };
		DA71FE0D2B78E09000A7CE96 /* ReminderListStyle.swift */ = {isa = PBXFileReference; lastKnownFileType = sourcecode.swift; path = ReminderListStyle.swift; sourceTree = "<group>"; };
		DA71FE0F2B78EA8700A7CE96 /* ProgressHeaderView.swift */ = {isa = PBXFileReference; lastKnownFileType = sourcecode.swift; path = ProgressHeaderView.swift; sourceTree = "<group>"; };
		DA71FE112B791A7700A7CE96 /* TodayError.swift */ = {isa = PBXFileReference; lastKnownFileType = sourcecode.swift; path = TodayError.swift; sourceTree = "<group>"; };
		DA71FE132B791AEC00A7CE96 /* EKEventStore+AsyncFetch.swift */ = {isa = PBXFileReference; lastKnownFileType = sourcecode.swift; path = "EKEventStore+AsyncFetch.swift"; sourceTree = "<group>"; };
		DA71FE152B791C6900A7CE96 /* Reminder+EKReminder.swift */ = {isa = PBXFileReference; lastKnownFileType = sourcecode.swift; path = "Reminder+EKReminder.swift"; sourceTree = "<group>"; };
		DA71FE172B791D7200A7CE96 /* ReminderStore.swift */ = {isa = PBXFileReference; lastKnownFileType = sourcecode.swift; path = ReminderStore.swift; sourceTree = "<group>"; };
		DA71FE192B7A1DE900A7CE96 /* EKReminder+Reminder.swift */ = {isa = PBXFileReference; lastKnownFileType = sourcecode.swift; path = "EKReminder+Reminder.swift"; sourceTree = "<group>"; };
		DA81A40F2B6D27F600BAD0D6 /* ReminderDoneButton.swift */ = {isa = PBXFileReference; lastKnownFileType = sourcecode.swift; path = ReminderDoneButton.swift; sourceTree = "<group>"; };
		DA81A4112B6D298D00BAD0D6 /* ReminderListViewController+Actions.swift */ = {isa = PBXFileReference; lastKnownFileType = sourcecode.swift; path = "ReminderListViewController+Actions.swift"; sourceTree = "<group>"; };
		DA81A4132B6D36F000BAD0D6 /* ReminderViewController.swift */ = {isa = PBXFileReference; lastKnownFileType = sourcecode.swift; path = ReminderViewController.swift; sourceTree = "<group>"; };
		DA81A4162B6D397300BAD0D6 /* ReminderViewController+Row.swift */ = {isa = PBXFileReference; lastKnownFileType = sourcecode.swift; path = "ReminderViewController+Row.swift"; sourceTree = "<group>"; };
		DAA9C6522B76662B0033268E /* ReminderViewController+Section.swift */ = {isa = PBXFileReference; lastKnownFileType = sourcecode.swift; path = "ReminderViewController+Section.swift"; sourceTree = "<group>"; };
		DAA9C6542B767F0A0033268E /* ReminderViewController+CellConfiguration.swift */ = {isa = PBXFileReference; lastKnownFileType = sourcecode.swift; path = "ReminderViewController+CellConfiguration.swift"; sourceTree = "<group>"; };
/* End PBXFileReference section */

/* Begin PBXFrameworksBuildPhase section */
		DA5AAAFA2B516C2A00122E87 /* Frameworks */ = {
			isa = PBXFrameworksBuildPhase;
			buildActionMask = 2147483647;
			files = (
			);
			runOnlyForDeploymentPostprocessing = 0;
		};
/* End PBXFrameworksBuildPhase section */

/* Begin PBXGroup section */
		DA50CA032B580F580094A001 /* ListViewController */ = {
			isa = PBXGroup;
			children = (
				DA81A40F2B6D27F600BAD0D6 /* ReminderDoneButton.swift */,
				DA5AAB042B516C2A00122E87 /* ReminderListViewController.swift */,
				DA50CA042B580FCF0094A001 /* ReminderListViewController+DataSource.swift */,
				DA81A4112B6D298D00BAD0D6 /* ReminderListViewController+Actions.swift */,
				DA71FE0F2B78EA8700A7CE96 /* ProgressHeaderView.swift */,
			);
			path = ListViewController;
			sourceTree = "<group>";
		};
		DA5AAAF42B516C2A00122E87 = {
			isa = PBXGroup;
			children = (
				DA5AAAFF2B516C2A00122E87 /* UIkitReminder */,
				DA5AAAFE2B516C2A00122E87 /* Products */,
			);
			sourceTree = "<group>";
		};
		DA5AAAFE2B516C2A00122E87 /* Products */ = {
			isa = PBXGroup;
			children = (
				DA5AAAFD2B516C2A00122E87 /* UIkitReminder.app */,
			);
			name = Products;
			sourceTree = "<group>";
		};
		DA5AAAFF2B516C2A00122E87 /* UIkitReminder */ = {
			isa = PBXGroup;
			children = (
				DA71FE022B77A12400A7CE96 /* ContentViews */,
				DA81A4152B6D390000BAD0D6 /* DetailVIewController */,
				DA50CA032B580F580094A001 /* ListViewController */,
				DA5AAB002B516C2A00122E87 /* AppDelegate.swift */,
				DA5AAB022B516C2A00122E87 /* SceneDelegate.swift */,
				DA5AAB142B516CB000122E87 /* Models */,
				DA5AAB092B516C2D00122E87 /* Assets.xcassets */,
				DA50C9FF2B5807B00094A001 /* Main.storyboard */,
				DA5AAB0B2B516C2D00122E87 /* LaunchScreen.storyboard */,
				DA5AAB0E2B516C2D00122E87 /* Info.plist */,
			);
			path = UIkitReminder;
			sourceTree = "<group>";
		};
		DA5AAB142B516CB000122E87 /* Models */ = {
			isa = PBXGroup;
			children = (
				DA5AAB152B516CC600122E87 /* Reminder.swift */,
				DA71FE192B7A1DE900A7CE96 /* EKReminder+Reminder.swift */,
				DA71FE132B791AEC00A7CE96 /* EKEventStore+AsyncFetch.swift */,
				DA71FE112B791A7700A7CE96 /* TodayError.swift */,
				DA71FE152B791C6900A7CE96 /* Reminder+EKReminder.swift */,
				DA71FE172B791D7200A7CE96 /* ReminderStore.swift */,
				DA50CA012B5808910094A001 /* Date+Today.swift */,
				DA71FE0D2B78E09000A7CE96 /* ReminderListStyle.swift */,
			);
			path = Models;
			sourceTree = "<group>";
		};
		DA71FE022B77A12400A7CE96 /* ContentViews */ = {
			isa = PBXGroup;
			children = (
				DA71FE032B77A19A00A7CE96 /* UIView+PinnedSubview.swift */,
				DA71FE052B77A42600A7CE96 /* TextFieldContentView.swift */,
				DA71FE072B77A5A300A7CE96 /* UIContentConfiguration+Stateless.swift */,
				DA71FE092B77AE3900A7CE96 /* TextViewContentView.swift */,
				DA71FE0B2B77D8CA00A7CE96 /* DatePickerContentView.swift */,
			);
			path = ContentViews;
			sourceTree = "<group>";
		};
		DA81A4152B6D390000BAD0D6 /* DetailVIewController */ = {
			isa = PBXGroup;
			children = (
				DA81A4132B6D36F000BAD0D6 /* ReminderViewController.swift */,
				DA81A4162B6D397300BAD0D6 /* ReminderViewController+Row.swift */,
				DAA9C6522B76662B0033268E /* ReminderViewController+Section.swift */,
				DAA9C6542B767F0A0033268E /* ReminderViewController+CellConfiguration.swift */,
			);
			path = DetailVIewController;
			sourceTree = "<group>";
		};
/* End PBXGroup section */

/* Begin PBXNativeTarget section */
		DA5AAAFC2B516C2A00122E87 /* UIkitReminder */ = {
			isa = PBXNativeTarget;
			buildConfigurationList = DA5AAB112B516C2D00122E87 /* Build configuration list for PBXNativeTarget "UIkitReminder" */;
			buildPhases = (
				DA5AAAF92B516C2A00122E87 /* Sources */,
				DA5AAAFA2B516C2A00122E87 /* Frameworks */,
				DA5AAAFB2B516C2A00122E87 /* Resources */,
			);
			buildRules = (
			);
			dependencies = (
			);
			name = UIkitReminder;
			productName = UIkitReminder;
			productReference = DA5AAAFD2B516C2A00122E87 /* UIkitReminder.app */;
			productType = "com.apple.product-type.application";
		};
/* End PBXNativeTarget section */

/* Begin PBXProject section */
		DA5AAAF52B516C2A00122E87 /* Project object */ = {
			isa = PBXProject;
			attributes = {
				BuildIndependentTargetsInParallel = 1;
				LastSwiftUpdateCheck = 1520;
				LastUpgradeCheck = 1520;
				TargetAttributes = {
					DA5AAAFC2B516C2A00122E87 = {
						CreatedOnToolsVersion = 15.2;
					};
				};
			};
			buildConfigurationList = DA5AAAF82B516C2A00122E87 /* Build configuration list for PBXProject "UIkitReminder" */;
			compatibilityVersion = "Xcode 14.0";
			developmentRegion = en;
			hasScannedForEncodings = 0;
			knownRegions = (
				en,
				Base,
			);
			mainGroup = DA5AAAF42B516C2A00122E87;
			productRefGroup = DA5AAAFE2B516C2A00122E87 /* Products */;
			projectDirPath = "";
			projectRoot = "";
			targets = (
				DA5AAAFC2B516C2A00122E87 /* UIkitReminder */,
			);
		};
/* End PBXProject section */

/* Begin PBXResourcesBuildPhase section */
		DA5AAAFB2B516C2A00122E87 /* Resources */ = {
			isa = PBXResourcesBuildPhase;
			buildActionMask = 2147483647;
			files = (
				DA50CA002B5807B00094A001 /* Main.storyboard in Resources */,
				DA5AAB0D2B516C2D00122E87 /* LaunchScreen.storyboard in Resources */,
				DA5AAB0A2B516C2D00122E87 /* Assets.xcassets in Resources */,
			);
			runOnlyForDeploymentPostprocessing = 0;
		};
/* End PBXResourcesBuildPhase section */

/* Begin PBXSourcesBuildPhase section */
		DA5AAAF92B516C2A00122E87 /* Sources */ = {
			isa = PBXSourcesBuildPhase;
			buildActionMask = 2147483647;
			files = (
				DA81A4122B6D298D00BAD0D6 /* ReminderListViewController+Actions.swift in Sources */,
				DA71FE0C2B77D8CA00A7CE96 /* DatePickerContentView.swift in Sources */,
				DA71FE182B791D7200A7CE96 /* ReminderStore.swift in Sources */,
				DA71FE1A2B7A1DEA00A7CE96 /* EKReminder+Reminder.swift in Sources */,
				DA5AAB052B516C2A00122E87 /* ReminderListViewController.swift in Sources */,
				DA50CA022B5808910094A001 /* Date+Today.swift in Sources */,
				DA5AAB012B516C2A00122E87 /* AppDelegate.swift in Sources */,
				DA71FE102B78EA8700A7CE96 /* ProgressHeaderView.swift in Sources */,
				DAA9C6532B76662B0033268E /* ReminderViewController+Section.swift in Sources */,
				DA71FE082B77A5A300A7CE96 /* UIContentConfiguration+Stateless.swift in Sources */,
				DAA9C6552B767F0A0033268E /* ReminderViewController+CellConfiguration.swift in Sources */,
				DA5AAB032B516C2A00122E87 /* SceneDelegate.swift in Sources */,
				DA71FE122B791A7700A7CE96 /* TodayError.swift in Sources */,
				DA71FE0E2B78E09000A7CE96 /* ReminderListStyle.swift in Sources */,
				DA81A4142B6D36F000BAD0D6 /* ReminderViewController.swift in Sources */,
				DA71FE042B77A19A00A7CE96 /* UIView+PinnedSubview.swift in Sources */,
				DA71FE0A2B77AE3900A7CE96 /* TextViewContentView.swift in Sources */,
				DA81A4172B6D397300BAD0D6 /* ReminderViewController+Row.swift in Sources */,
				DA5AAB162B516CC600122E87 /* Reminder.swift in Sources */,
				DA81A4102B6D27F600BAD0D6 /* ReminderDoneButton.swift in Sources */,
				DA71FE142B791AEC00A7CE96 /* EKEventStore+AsyncFetch.swift in Sources */,
				DA71FE062B77A42600A7CE96 /* TextFieldContentView.swift in Sources */,
				DA50CA052B580FCF0094A001 /* ReminderListViewController+DataSource.swift in Sources */,
				DA71FE162B791C6900A7CE96 /* Reminder+EKReminder.swift in Sources */,
			);
			runOnlyForDeploymentPostprocessing = 0;
		};
/* End PBXSourcesBuildPhase section */

/* Begin PBXVariantGroup section */
		DA5AAB0B2B516C2D00122E87 /* LaunchScreen.storyboard */ = {
			isa = PBXVariantGroup;
			children = (
				DA5AAB0C2B516C2D00122E87 /* Base */,
			);
			name = LaunchScreen.storyboard;
			sourceTree = "<group>";
		};
/* End PBXVariantGroup section */

/* Begin XCBuildConfiguration section */
		DA5AAB0F2B516C2D00122E87 /* Debug */ = {
			isa = XCBuildConfiguration;
			buildSettings = {
				ALWAYS_SEARCH_USER_PATHS = NO;
				ASSETCATALOG_COMPILER_GENERATE_SWIFT_ASSET_SYMBOL_EXTENSIONS = YES;
				CLANG_ANALYZER_NONNULL = YES;
				CLANG_ANALYZER_NUMBER_OBJECT_CONVERSION = YES_AGGRESSIVE;
				CLANG_CXX_LANGUAGE_STANDARD = "gnu++20";
				CLANG_ENABLE_MODULES = YES;
				CLANG_ENABLE_OBJC_ARC = YES;
				CLANG_ENABLE_OBJC_WEAK = YES;
				CLANG_WARN_BLOCK_CAPTURE_AUTORELEASING = YES;
				CLANG_WARN_BOOL_CONVERSION = YES;
				CLANG_WARN_COMMA = YES;
				CLANG_WARN_CONSTANT_CONVERSION = YES;
				CLANG_WARN_DEPRECATED_OBJC_IMPLEMENTATIONS = YES;
				CLANG_WARN_DIRECT_OBJC_ISA_USAGE = YES_ERROR;
				CLANG_WARN_DOCUMENTATION_COMMENTS = YES;
				CLANG_WARN_EMPTY_BODY = YES;
				CLANG_WARN_ENUM_CONVERSION = YES;
				CLANG_WARN_INFINITE_RECURSION = YES;
				CLANG_WARN_INT_CONVERSION = YES;
				CLANG_WARN_NON_LITERAL_NULL_CONVERSION = YES;
				CLANG_WARN_OBJC_IMPLICIT_RETAIN_SELF = YES;
				CLANG_WARN_OBJC_LITERAL_CONVERSION = YES;
				CLANG_WARN_OBJC_ROOT_CLASS = YES_ERROR;
				CLANG_WARN_QUOTED_INCLUDE_IN_FRAMEWORK_HEADER = YES;
				CLANG_WARN_RANGE_LOOP_ANALYSIS = YES;
				CLANG_WARN_STRICT_PROTOTYPES = YES;
				CLANG_WARN_SUSPICIOUS_MOVE = YES;
				CLANG_WARN_UNGUARDED_AVAILABILITY = YES_AGGRESSIVE;
				CLANG_WARN_UNREACHABLE_CODE = YES;
				CLANG_WARN__DUPLICATE_METHOD_MATCH = YES;
				COPY_PHASE_STRIP = NO;
				DEBUG_INFORMATION_FORMAT = dwarf;
				ENABLE_STRICT_OBJC_MSGSEND = YES;
				ENABLE_TESTABILITY = YES;
				ENABLE_USER_SCRIPT_SANDBOXING = YES;
				GCC_C_LANGUAGE_STANDARD = gnu17;
				GCC_DYNAMIC_NO_PIC = NO;
				GCC_NO_COMMON_BLOCKS = YES;
				GCC_OPTIMIZATION_LEVEL = 0;
				GCC_PREPROCESSOR_DEFINITIONS = (
					"DEBUG=1",
					"$(inherited)",
				);
				GCC_WARN_64_TO_32_BIT_CONVERSION = YES;
				GCC_WARN_ABOUT_RETURN_TYPE = YES_ERROR;
				GCC_WARN_UNDECLARED_SELECTOR = YES;
				GCC_WARN_UNINITIALIZED_AUTOS = YES_AGGRESSIVE;
				GCC_WARN_UNUSED_FUNCTION = YES;
				GCC_WARN_UNUSED_VARIABLE = YES;
				IPHONEOS_DEPLOYMENT_TARGET = 17.2;
				LOCALIZATION_PREFERS_STRING_CATALOGS = YES;
				MTL_ENABLE_DEBUG_INFO = INCLUDE_SOURCE;
				MTL_FAST_MATH = YES;
				ONLY_ACTIVE_ARCH = YES;
				SDKROOT = iphoneos;
				SWIFT_ACTIVE_COMPILATION_CONDITIONS = "DEBUG $(inherited)";
				SWIFT_OPTIMIZATION_LEVEL = "-Onone";
			};
			name = Debug;
		};
		DA5AAB102B516C2D00122E87 /* Release */ = {
			isa = XCBuildConfiguration;
			buildSettings = {
				ALWAYS_SEARCH_USER_PATHS = NO;
				ASSETCATALOG_COMPILER_GENERATE_SWIFT_ASSET_SYMBOL_EXTENSIONS = YES;
				CLANG_ANALYZER_NONNULL = YES;
				CLANG_ANALYZER_NUMBER_OBJECT_CONVERSION = YES_AGGRESSIVE;
				CLANG_CXX_LANGUAGE_STANDARD = "gnu++20";
				CLANG_ENABLE_MODULES = YES;
				CLANG_ENABLE_OBJC_ARC = YES;
				CLANG_ENABLE_OBJC_WEAK = YES;
				CLANG_WARN_BLOCK_CAPTURE_AUTORELEASING = YES;
				CLANG_WARN_BOOL_CONVERSION = YES;
				CLANG_WARN_COMMA = YES;
				CLANG_WARN_CONSTANT_CONVERSION = YES;
				CLANG_WARN_DEPRECATED_OBJC_IMPLEMENTATIONS = YES;
				CLANG_WARN_DIRECT_OBJC_ISA_USAGE = YES_ERROR;
				CLANG_WARN_DOCUMENTATION_COMMENTS = YES;
				CLANG_WARN_EMPTY_BODY = YES;
				CLANG_WARN_ENUM_CONVERSION = YES;
				CLANG_WARN_INFINITE_RECURSION = YES;
				CLANG_WARN_INT_CONVERSION = YES;
				CLANG_WARN_NON_LITERAL_NULL_CONVERSION = YES;
				CLANG_WARN_OBJC_IMPLICIT_RETAIN_SELF = YES;
				CLANG_WARN_OBJC_LITERAL_CONVERSION = YES;
				CLANG_WARN_OBJC_ROOT_CLASS = YES_ERROR;
				CLANG_WARN_QUOTED_INCLUDE_IN_FRAMEWORK_HEADER = YES;
				CLANG_WARN_RANGE_LOOP_ANALYSIS = YES;
				CLANG_WARN_STRICT_PROTOTYPES = YES;
				CLANG_WARN_SUSPICIOUS_MOVE = YES;
				CLANG_WARN_UNGUARDED_AVAILABILITY = YES_AGGRESSIVE;
				CLANG_WARN_UNREACHABLE_CODE = YES;
				CLANG_WARN__DUPLICATE_METHOD_MATCH = YES;
				COPY_PHASE_STRIP = NO;
				DEBUG_INFORMATION_FORMAT = "dwarf-with-dsym";
				ENABLE_NS_ASSERTIONS = NO;
				ENABLE_STRICT_OBJC_MSGSEND = YES;
				ENABLE_USER_SCRIPT_SANDBOXING = YES;
				GCC_C_LANGUAGE_STANDARD = gnu17;
				GCC_NO_COMMON_BLOCKS = YES;
				GCC_WARN_64_TO_32_BIT_CONVERSION = YES;
				GCC_WARN_ABOUT_RETURN_TYPE = YES_ERROR;
				GCC_WARN_UNDECLARED_SELECTOR = YES;
				GCC_WARN_UNINITIALIZED_AUTOS = YES_AGGRESSIVE;
				GCC_WARN_UNUSED_FUNCTION = YES;
				GCC_WARN_UNUSED_VARIABLE = YES;
				IPHONEOS_DEPLOYMENT_TARGET = 17.2;
				LOCALIZATION_PREFERS_STRING_CATALOGS = YES;
				MTL_ENABLE_DEBUG_INFO = NO;
				MTL_FAST_MATH = YES;
				SDKROOT = iphoneos;
				SWIFT_COMPILATION_MODE = wholemodule;
				VALIDATE_PRODUCT = YES;
			};
			name = Release;
		};
		DA5AAB122B516C2D00122E87 /* Debug */ = {
			isa = XCBuildConfiguration;
			buildSettings = {
				ASSETCATALOG_COMPILER_APPICON_NAME = AppIcon;
				ASSETCATALOG_COMPILER_GLOBAL_ACCENT_COLOR_NAME = AccentColor;
				CODE_SIGN_STYLE = Automatic;
				CURRENT_PROJECT_VERSION = 1;
				DEVELOPMENT_TEAM = BG8CHM22AC;
				GENERATE_INFOPLIST_FILE = YES;
				INFOPLIST_FILE = UIkitReminder/Info.plist;
				INFOPLIST_KEY_NSRemindersUsageDescription = "Your reminders can help you stay on track";
				INFOPLIST_KEY_UIApplicationSupportsIndirectInputEvents = YES;
				INFOPLIST_KEY_UILaunchStoryboardName = LaunchScreen;
				INFOPLIST_KEY_UIMainStoryboardFile = Main;
				INFOPLIST_KEY_UISupportedInterfaceOrientations_iPad = "UIInterfaceOrientationPortrait UIInterfaceOrientationPortraitUpsideDown UIInterfaceOrientationLandscapeLeft UIInterfaceOrientationLandscapeRight";
				INFOPLIST_KEY_UISupportedInterfaceOrientations_iPhone = "UIInterfaceOrientationPortrait UIInterfaceOrientationLandscapeLeft UIInterfaceOrientationLandscapeRight";
				IPHONEOS_DEPLOYMENT_TARGET = 16.0;
				LD_RUNPATH_SEARCH_PATHS = (
					"$(inherited)",
					"@executable_path/Frameworks",
				);
				MARKETING_VERSION = 1.0;
				PRODUCT_BUNDLE_IDENTIFIER = com.Awakenone1.UIkitReminder;
				PRODUCT_NAME = "$(TARGET_NAME)";
				SWIFT_EMIT_LOC_STRINGS = YES;
				SWIFT_VERSION = 5.0;
				TARGETED_DEVICE_FAMILY = "1,2";
			};
			name = Debug;
		};
		DA5AAB132B516C2D00122E87 /* Release */ = {
			isa = XCBuildConfiguration;
			buildSettings = {
				ASSETCATALOG_COMPILER_APPICON_NAME = AppIcon;
				ASSETCATALOG_COMPILER_GLOBAL_ACCENT_COLOR_NAME = AccentColor;
				CODE_SIGN_STYLE = Automatic;
				CURRENT_PROJECT_VERSION = 1;
				DEVELOPMENT_TEAM = BG8CHM22AC;
				GENERATE_INFOPLIST_FILE = YES;
				INFOPLIST_FILE = UIkitReminder/Info.plist;
				INFOPLIST_KEY_NSRemindersUsageDescription = "Your reminders can help you stay on track";
				INFOPLIST_KEY_UIApplicationSupportsIndirectInputEvents = YES;
				INFOPLIST_KEY_UILaunchStoryboardName = LaunchScreen;
				INFOPLIST_KEY_UIMainStoryboardFile = Main;
				INFOPLIST_KEY_UISupportedInterfaceOrientations_iPad = "UIInterfaceOrientationPortrait UIInterfaceOrientationPortraitUpsideDown UIInterfaceOrientationLandscapeLeft UIInterfaceOrientationLandscapeRight";
				INFOPLIST_KEY_UISupportedInterfaceOrientations_iPhone = "UIInterfaceOrientationPortrait UIInterfaceOrientationLandscapeLeft UIInterfaceOrientationLandscapeRight";
				IPHONEOS_DEPLOYMENT_TARGET = 16.0;
				LD_RUNPATH_SEARCH_PATHS = (
					"$(inherited)",
					"@executable_path/Frameworks",
				);
				MARKETING_VERSION = 1.0;
				PRODUCT_BUNDLE_IDENTIFIER = com.Awakenone1.UIkitReminder;
				PRODUCT_NAME = "$(TARGET_NAME)";
				SWIFT_EMIT_LOC_STRINGS = YES;
				SWIFT_VERSION = 5.0;
				TARGETED_DEVICE_FAMILY = "1,2";
			};
			name = Release;
		};
/* End XCBuildConfiguration section */

/* Begin XCConfigurationList section */
		DA5AAAF82B516C2A00122E87 /* Build configuration list for PBXProject "UIkitReminder" */ = {
			isa = XCConfigurationList;
			buildConfigurations = (
				DA5AAB0F2B516C2D00122E87 /* Debug */,
				DA5AAB102B516C2D00122E87 /* Release */,
			);
			defaultConfigurationIsVisible = 0;
			defaultConfigurationName = Release;
		};
		DA5AAB112B516C2D00122E87 /* Build configuration list for PBXNativeTarget "UIkitReminder" */ = {
			isa = XCConfigurationList;
			buildConfigurations = (
				DA5AAB122B516C2D00122E87 /* Debug */,
				DA5AAB132B516C2D00122E87 /* Release */,
			);
			defaultConfigurationIsVisible = 0;
			defaultConfigurationName = Release;
		};
/* End XCConfigurationList section */
	};
	rootObject = DA5AAAF52B516C2A00122E87 /* Project object */;
}
